
Microsoft Visual Studio Solution File, Format Version 12.00
# Visual Studio Version 16
VisualStudioVersion = 16.0.30621.155
MinimumVisualStudioVersion = 10.0.40219.1
Project("{FAE04EC0-301F-11D3-BF4B-00C04F79EFBC}") = "CMPG 323 - Project 2", "CMPG 323 - Project 2\CMPG 323 - Project 2.csproj", "{ED460C63-EF4C-4AFB-8D3C-07AF33F02EEE}"
EndProject
Global
	GlobalSection(SolutionConfigurationPlatforms) = preSolution
		Debug|Any CPU = Debug|Any CPU
		Release|Any CPU = Release|Any CPU
	EndGlobalSection
	GlobalSection(ProjectConfigurationPlatforms) = postSolution
		{ED460C63-EF4C-4AFB-8D3C-07AF33F02EEE}.Debug|Any CPU.ActiveCfg = Debug|Any CPU
		{ED460C63-EF4C-4AFB-8D3C-07AF33F02EEE}.Debug|Any CPU.Build.0 = Debug|Any CPU
		{ED460C63-EF4C-4AFB-8D3C-07AF33F02EEE}.Release|Any CPU.ActiveCfg = Release|Any CPU
		{ED460C63-EF4C-4AFB-8D3C-07AF33F02EEE}.Release|Any CPU.Build.0 = Release|Any CPU
	EndGlobalSection
	GlobalSection(SolutionProperties) = preSolution
		HideSolutionNode = FALSE
	EndGlobalSection
	GlobalSection(ExtensibilityGlobals) = postSolution
		SolutionGuid = {D4DFE4BC-07C0-43BB-8BA6-CC5E49251D40}
	EndGlobalSection
EndGlobal
